
Microsoft Visual Studio Solution File, Format Version 12.00
# Visual Studio Version 17
VisualStudioVersion = 17.12.35514.174 d17.12
MinimumVisualStudioVersion = 10.0.40219.1
Project("{FAE04EC0-301F-11D3-BF4B-00C04F79EFBC}") = "Sistema-de-monitoreo-de-clases-UTEC", "Sistema-de-monitoreo-de-clases-UTEC.csproj", "{1F897A1C-ABB2-4F5A-979B-DEBE15A86186}"
EndProject
Global
	GlobalSection(SolutionConfigurationPlatforms) = preSolution
		Debug|Any CPU = Debug|Any CPU
		Release|Any CPU = Release|Any CPU
	EndGlobalSection
	GlobalSection(ProjectConfigurationPlatforms) = postSolution
		{1F897A1C-ABB2-4F5A-979B-DEBE15A86186}.Debug|Any CPU.ActiveCfg = Debug|Any CPU
		{1F897A1C-ABB2-4F5A-979B-DEBE15A86186}.Debug|Any CPU.Build.0 = Debug|Any CPU
		{1F897A1C-ABB2-4F5A-979B-DEBE15A86186}.Release|Any CPU.ActiveCfg = Release|Any CPU
		{1F897A1C-ABB2-4F5A-979B-DEBE15A86186}.Release|Any CPU.Build.0 = Release|Any CPU
	EndGlobalSection
	GlobalSection(SolutionProperties) = preSolution
		HideSolutionNode = FALSE
	EndGlobalSection
EndGlobal
